Microsoft Visual Studio Solution File, Format Version 12.00
# Visual Studio Version 17
VisualStudioVersion = 17.5.2.0
MinimumVisualStudioVersion = 10.0.40219.1
Project("{FAE04EC0-301F-11D3-BF4B-00C04F79EFBC}") = "My-Experience-in-OOP-in-C-", "My-Experience-in-OOP-in-C-.csproj", "{B9C16EB3-7309-5095-3C41-D3967FBF1BBA}"
EndProject
Global
	GlobalSection(SolutionConfigurationPlatforms) = preSolution
		Debug|Any CPU = Debug|Any CPU
		Release|Any CPU = Release|Any CPU
	EndGlobalSection
	GlobalSection(ProjectConfigurationPlatforms) = postSolution
		{B9C16EB3-7309-5095-3C41-D3967FBF1BBA}.Debug|Any CPU.ActiveCfg = Debug|Any CPU
		{B9C16EB3-7309-5095-3C41-D3967FBF1BBA}.Debug|Any CPU.Build.0 = Debug|Any CPU
		{B9C16EB3-7309-5095-3C41-D3967FBF1BBA}.Release|Any CPU.ActiveCfg = Release|Any CPU
		{B9C16EB3-7309-5095-3C41-D3967FBF1BBA}.Release|Any CPU.Build.0 = Release|Any CPU
	EndGlobalSection
	GlobalSection(SolutionProperties) = preSolution
		HideSolutionNode = FALSE
	EndGlobalSection
	GlobalSection(ExtensibilityGlobals) = postSolution
		SolutionGuid = {964AAC2F-0EE4-4D30-87EE-32EBD474EF22}
	EndGlobalSection
EndGlobal
